
Microsoft Visual Studio Solution File, Format Version 12.00
# Visual Studio Version 16
VisualStudioVersion = 16.0.28922.388
MinimumVisualStudioVersion = 10.0.40219.1
Project("{FAE04EC0-301F-11D3-BF4B-00C04F79EFBC}") = "ServerV", "ServerV.csproj", "{D4E2A6BA-5D7B-4758-B581-1541FCF122A0}"
EndProject
Global
	GlobalSection(SolutionConfigurationPlatforms) = preSolution
		Debug|Any CPU = Debug|Any CPU
		Release|Any CPU = Release|Any CPU
	EndGlobalSection
	GlobalSection(ProjectConfigurationPlatforms) = postSolution
		{D4E2A6BA-5D7B-4758-B581-1541FCF122A0}.Debug|Any CPU.ActiveCfg = Debug|Any CPU
		{D4E2A6BA-5D7B-4758-B581-1541FCF122A0}.Debug|Any CPU.Build.0 = Debug|Any CPU
		{D4E2A6BA-5D7B-4758-B581-1541FCF122A0}.Release|Any CPU.ActiveCfg = Release|Any CPU
		{D4E2A6BA-5D7B-4758-B581-1541FCF122A0}.Release|Any CPU.Build.0 = Release|Any CPU
	EndGlobalSection
	GlobalSection(SolutionProperties) = preSolution
		HideSolutionNode = FALSE
	EndGlobalSection
	GlobalSection(ExtensibilityGlobals) = postSolution
		SolutionGuid = {045B08E6-D341-4452-80F8-16342B2C4346}
	EndGlobalSection
EndGlobal
